
Microsoft Visual Studio Solution File, Format Version 12.00
# Visual Studio Version 16
VisualStudioVersion = 16.0.31205.134
MinimumVisualStudioVersion = 10.0.40219.1
Project("{FAE04EC0-301F-11D3-BF4B-00C04F79EFBC}") = "Day87A", "Day87A.csproj", "{10257B56-BAF5-4D27-878C-86009D2946D5}"
EndProject
Global
	GlobalSection(SolutionConfigurationPlatforms) = preSolution
		Debug|Any CPU = Debug|Any CPU
		Release|Any CPU = Release|Any CPU
	EndGlobalSection
	GlobalSection(ProjectConfigurationPlatforms) = postSolution
		{10257B56-BAF5-4D27-878C-86009D2946D5}.Debug|Any CPU.ActiveCfg = Debug|Any CPU
		{10257B56-BAF5-4D27-878C-86009D2946D5}.Debug|Any CPU.Build.0 = Debug|Any CPU
		{10257B56-BAF5-4D27-878C-86009D2946D5}.Release|Any CPU.ActiveCfg = Release|Any CPU
		{10257B56-BAF5-4D27-878C-86009D2946D5}.Release|Any CPU.Build.0 = Release|Any CPU
	EndGlobalSection
	GlobalSection(SolutionProperties) = preSolution
		HideSolutionNode = FALSE
	EndGlobalSection
	GlobalSection(ExtensibilityGlobals) = postSolution
		SolutionGuid = {62D682B0-967A-4FBF-8ACE-A7ECE0E01989}
	EndGlobalSection
EndGlobal
